// !$*UTF8*$!
{
	archiveVersion = 1;
	classes = {
	};
	objectVersion = 90;
	objects = {

/* Begin PBXBuildFile section */
		5F62B05D3013675400EEF496 /* kspgal.icon in Resources */ = {isa = PBXBuildFile; fileRef = 5F62B05B3013675400EEF496 /* kspgal.icon */; };
		5F7929A2301E4B7C003100EF /* kspgalvis.icon in Resources */ = {isa = PBXBuildFile; fileRef = 5F7929A1301E4B7C003100EF /* kspgalvis.icon */; };
		5F792CC2301FDC10003100EF /* WidgetKit.framework in Frameworks */ = {isa = PBXBuildFile; fileRef = 5F792CC1301FDC10003100EF /* WidgetKit.framework */; };
		5F792CC4301FDC10003100EF /* SwiftUI.framework in Frameworks */ = {isa = PBXBuildFile; fileRef = 5F792CC3301FDC10003100EF /* SwiftUI.framework */; };
		5F792CD1301FDC10003100EF /* Augmented LibraryExtension.appex in Embed Foundation Extensions */ = {isa = PBXBuildFile; fileRef = 5F792CBF301FDC10003100EF /* Augmented LibraryExtension.appex */; platformFilters = (xros, ); settings = {ATTRIBUTES = (RemoveHeadersOnCopy, ); }; };
		5F793F5B30236D04003100EF /* kspgalmac.icon in Resources */ = {isa = PBXBuildFile; fileRef = 5F793F5A30236D04003100EF /* kspgalmac.icon */; };
		5F793F5C30236D04003100EF /* kspgalmac.icon in Resources */ = {isa = PBXBuildFile; fileRef = 5F793F5A30236D04003100EF /* kspgalmac.icon */; };
		5FAFC518301A3F1000FDBED8 /* Knowledge Space EXT.appex in Embed Foundation Extensions */ = {isa = PBXBuildFile; fileRef = 5FAFC500301A3F1000FDBED8 /* Knowledge Space EXT.appex */; platformFilters = (macos, ); settings = {ATTRIBUTES = (RemoveHeadersOnCopy, ); }; };
		5FE0761E30153AD40039E5B8 /* kspgal-vision.icon in Resources */ = {isa = PBXBuildFile; fileRef = 5FE0761D30153AD40039E5B8 /* kspgal-vision.icon */; };
/* End PBXBuildFile section */

/* Begin PBXContainerItemProxy section */
		5F792CCF301FDC10003100EF /* PBXContainerItemProxy */ = {
			isa = PBXContainerItemProxy;
			containerPortal = 000000000000000000000000 /* Project object */;
			proxyType = 1;
			remoteGlobalIDString = 5F792CBE301FDC10003100EF;
			remoteInfo = "Augmented LibraryExtension";
		};
		5FAFC516301A3F1000FDBED8 /* PBXContainerItemProxy */ = {
			isa = PBXContainerItemProxy;
			containerPortal = 000000000000000000000000 /* Project object */;
			proxyType = 1;
			remoteGlobalIDString = 5FAFC4FF301A3F1000FDBED8;
			remoteInfo = "Knowledge Space EXT";
		};
/* End PBXContainerItemProxy section */

/* Begin PBXCopyFilesBuildPhase section */
		5FAFC51D301A3F1000FDBED8 /* Embed Foundation Extensions */ = {
			isa = PBXCopyFilesBuildPhase;
			dstPath = "";
			dstSubfolder = PlugIns;
			files = (
				5F792CD1301FDC10003100EF /* Augmented LibraryExtension.appex in Embed Foundation Extensions */,
				5FAFC518301A3F1000FDBED8 /* Knowledge Space EXT.appex in Embed Foundation Extensions */,
			);
			name = "Embed Foundation Extensions";
		};
/* End PBXCopyFilesBuildPhase section */

/* Begin PBXFileReference section */
		000000000000000000000120 /* Knowledge Space.app */ = {isa = PBXFileReference; explicitFileType = wrapper.application; includeInIndex = 0; path = "Knowledge Space.app"; sourceTree = BUILT_PRODUCTS_DIR; };
		5F1064A3300FE10F002C1FE1 /* Knowledge Space iOS.app */ = {isa = PBXFileReference; explicitFileType = wrapper.application; includeInIndex = 0; path = "Knowledge Space iOS.app"; sourceTree = BUILT_PRODUCTS_DIR; };
		5F62B05B3013675400EEF496 /* kspgal.icon */ = {isa = PBXFileReference; lastKnownFileType = folder.iconcomposer.icon; path = kspgal.icon; sourceTree = "<group>"; };
		5F7929A1301E4B7C003100EF /* kspgalvis.icon */ = {isa = PBXFileReference; lastKnownFileType = folder.iconcomposer.icon; path = kspgalvis.icon; sourceTree = "<group>"; };
		5F792CBF301FDC10003100EF /* Augmented LibraryExtension.appex */ = {isa = PBXFileReference; explicitFileType = "wrapper.app-extension"; includeInIndex = 0; path = "Augmented LibraryExtension.appex"; sourceTree = BUILT_PRODUCTS_DIR; };
		5F792CC1301FDC10003100EF /* WidgetKit.framework */ = {isa = PBXFileReference; lastKnownFileType = wrapper.framework; name = WidgetKit.framework; path = System/Library/Frameworks/WidgetKit.framework; sourceTree = SDKROOT; };
		5F792CC3301FDC10003100EF /* SwiftUI.framework */ = {isa = PBXFileReference; lastKnownFileType = wrapper.framework; name = SwiftUI.framework; path = System/Library/Frameworks/SwiftUI.framework; sourceTree = SDKROOT; };
		5F793F5A30236D04003100EF /* kspgalmac.icon */ = {isa = PBXFileReference; lastKnownFileType = folder.iconcomposer.icon; path = kspgalmac.icon; sourceTree = "<group>"; };
		5FAFC500301A3F1000FDBED8 /* Knowledge Space EXT.appex */ = {isa = PBXFileReference; explicitFileType = "wrapper.app-extension"; includeInIndex = 0; path = "Knowledge Space EXT.appex"; sourceTree = BUILT_PRODUCTS_DIR; };
		5FE0761D30153AD40039E5B8 /* kspgal-vision.icon */ = {isa = PBXFileReference; lastKnownFileType = folder.iconcomposer.icon; path = "kspgal-vision.icon"; sourceTree = "<group>"; };
/* End PBXFileReference section */

/* Begin PBXFileSystemSynchronizedBuildFileExceptionSet section */
		5F1064B4300FE151002C1FE1 /* Exceptions for "Knowledge Space" folder in "Knowledge Space iOS" target */ = {
			isa = PBXFileSystemSynchronizedBuildFileExceptionSet;
			membershipExceptions = (
				OrigamiText/DocumentRelation.swift,
				OrigamiText/IdentityCard.swift,
				OrigamiText/LiquidAddress.swift,
				OrigamiText/LiquidDate.swift,
				OrigamiText/LiquidDoc.swift,
				OrigamiText/LiquidDocWriting.swift,
				OrigamiText/VisualMeta.swift,
			);
			target = 5F1064A2300FE10F002C1FE1 /* Knowledge Space iOS */;
		};
		5F792CD5301FDC10003100EF /* Exceptions for "Augmented Library" folder in "Augmented LibraryExtension" target */ = {
			isa = PBXFileSystemSynchronizedBuildFileExceptionSet;
			membershipExceptions = (
				Info.plist,
			);
			target = 5F792CBE301FDC10003100EF /* Augmented LibraryExtension */;
		};
		5F792CDF301FF0D2003100EF /* Exceptions for "Knowledge Space" folder in "Augmented LibraryExtension" target */ = {
			isa = PBXFileSystemSynchronizedBuildFileExceptionSet;
			membershipExceptions = (
				WidgetShared.swift,
			);
			target = 5F792CBE301FDC10003100EF /* Augmented LibraryExtension */;
		};
		5FAFC51C301A3F1000FDBED8 /* Exceptions for "Knowledge Space EXT" folder in "Knowledge Space EXT" target */ = {
			isa = PBXFileSystemSynchronizedBuildFileExceptionSet;
			membershipExceptions = (
				Info.plist,
			);
			target = 5FAFC4FF301A3F1000FDBED8 /* Knowledge Space EXT */;
		};
		5FAFDCB530149FD100768784 /* Exceptions for "Knowledge Space" folder in "Knowledge Space" target */ = {
			isa = PBXFileSystemSynchronizedBuildFileExceptionSet;
			membershipExceptions = (
				"Knowledge-Space-Info.plist",
			);
			target = 000000000000000100000000 /* Knowledge Space */;
		};
		5FC011CD3012B0EB00DF2EBD /* Exceptions for "Knowledge Space iOS" folder in "Knowledge Space iOS" target */ = {
			isa = PBXFileSystemSynchronizedBuildFileExceptionSet;
			membershipExceptions = (
				"Knowledge-Space-iOS-Info.plist",
				kspgalmac.icon,
			);
			target = 5F1064A2300FE10F002C1FE1 /* Knowledge Space iOS */;
		};
/* End PBXFileSystemSynchronizedBuildFileExceptionSet section */

/* Begin PBXFileSystemSynchronizedRootGroup section */
		000000000000000000000010 /* Knowledge Space */ = {
			isa = PBXFileSystemSynchronizedRootGroup;
			exceptions = (
				5FAFDCB530149FD100768784 /* Exceptions for "Knowledge Space" folder in "Knowledge Space" target */,
				5F1064B4300FE151002C1FE1 /* Exceptions for "Knowledge Space" folder in "Knowledge Space iOS" target */,
				5F792CDF301FF0D2003100EF /* Exceptions for "Knowledge Space" folder in "Augmented LibraryExtension" target */,
			);
			path = "Knowledge Space";
			sourceTree = "<group>";
		};
		5F1064A4300FE10F002C1FE1 /* Knowledge Space iOS */ = {
			isa = PBXFileSystemSynchronizedRootGroup;
			exceptions = (
				5FC011CD3012B0EB00DF2EBD /* Exceptions for "Knowledge Space iOS" folder in "Knowledge Space iOS" target */,
			);
			path = "Knowledge Space iOS";
			sourceTree = "<group>";
		};
		5F792CC5301FDC10003100EF /* Augmented Library */ = {
			isa = PBXFileSystemSynchronizedRootGroup;
			exceptions = (
				5F792CD5301FDC10003100EF /* Exceptions for "Augmented Library" folder in "Augmented LibraryExtension" target */,
			);
			path = "Augmented Library";
			sourceTree = "<group>";
		};
		5FAFC501301A3F1000FDBED8 /* Knowledge Space EXT */ = {
			isa = PBXFileSystemSynchronizedRootGroup;
			exceptions = (
				5FAFC51C301A3F1000FDBED8 /* Exceptions for "Knowledge Space EXT" folder in "Knowledge Space EXT" target */,
			);
			explicitFolders = (
				Resources/_locales,
				Resources/images,
			);
			path = "Knowledge Space EXT";
			sourceTree = "<group>";
		};
/* End PBXFileSystemSynchronizedRootGroup section */

/* Begin PBXFrameworksBuildPhase section */
		000000000000000130000000 /* Frameworks */ = {
			isa = PBXFrameworksBuildPhase;
			files = (
			);
		};
		5F1064A0300FE10F002C1FE1 /* Frameworks */ = {
			isa = PBXFrameworksBuildPhase;
			files = (
			);
		};
		5F792CBC301FDC10003100EF /* Frameworks */ = {
			isa = PBXFrameworksBuildPhase;
			files = (
				5F792CC4301FDC10003100EF /* SwiftUI.framework in Frameworks */,
				5F792CC2301FDC10003100EF /* WidgetKit.framework in Frameworks */,
			);
		};
		5FAFC4FD301A3F1000FDBED8 /* Frameworks */ = {
			isa = PBXFrameworksBuildPhase;
			files = (
			);
		};
/* End PBXFrameworksBuildPhase section */

/* Begin PBXGroup section */
		000000000000000000000001 = {
			isa = PBXGroup;
			children = (
				000000000000000000000010 /* Knowledge Space */,
				5F1064A4300FE10F002C1FE1 /* Knowledge Space iOS */,
				5F62B05B3013675400EEF496 /* kspgal.icon */,
				5FE0761D30153AD40039E5B8 /* kspgal-vision.icon */,
				5FAFC501301A3F1000FDBED8 /* Knowledge Space EXT */,
				5F7929A1301E4B7C003100EF /* kspgalvis.icon */,
				5F792CC5301FDC10003100EF /* Augmented Library */,
				5F792CC0301FDC10003100EF /* Frameworks */,
				5F793F5A30236D04003100EF /* kspgalmac.icon */,
				000000000000000000000020 /* Products */,
			);
			sourceTree = "<group>";
		};
		000000000000000000000020 /* Products */ = {
			isa = PBXGroup;
			children = (
				000000000000000000000120 /* Knowledge Space.app */,
				5F1064A3300FE10F002C1FE1 /* Knowledge Space iOS.app */,
				5FAFC500301A3F1000FDBED8 /* Knowledge Space EXT.appex */,
				5F792CBF301FDC10003100EF /* Augmented LibraryExtension.appex */,
			);
			name = Products;
			sourceTree = "<group>";
		};
		5F792CC0301FDC10003100EF /* Frameworks */ = {
			isa = PBXGroup;
			children = (
				5F792CC1301FDC10003100EF /* WidgetKit.framework */,
				5F792CC3301FDC10003100EF /* SwiftUI.framework */,
			);
			name = Frameworks;
			sourceTree = "<group>";
		};
/* End PBXGroup section */

/* Begin PBXNativeTarget section */
		000000000000000100000000 /* Knowledge Space */ = {
			isa = PBXNativeTarget;
			buildConfigurationList = 000000000000000110000000 /* Build configuration list for PBXNativeTarget "Knowledge Space" */;
			buildPhases = (
				000000000000000120000000 /* Sources */,
				000000000000000130000000 /* Frameworks */,
				000000000000000140000000 /* Resources */,
				5FAFC51D301A3F1000FDBED8 /* Embed Foundation Extensions */,
			);
			buildRules = (
			);
			dependencies = (
				5FAFC517301A3F1000FDBED8 /* PBXTargetDependency */,
				5F792CD0301FDC10003100EF /* PBXTargetDependency */,
			);
			fileSystemSynchronizedGroups = (
				000000000000000000000010 /* Knowledge Space */,
			);
			name = "Knowledge Space";
			productName = MyApp;
			productReference = 000000000000000000000120 /* Knowledge Space.app */;
			productType = "com.apple.product-type.application";
		};
		5F1064A2300FE10F002C1FE1 /* Knowledge Space iOS */ = {
			isa = PBXNativeTarget;
			buildConfigurationList = 5F1064AD300FE10F002C1FE1 /* Build configuration list for PBXNativeTarget "Knowledge Space iOS" */;
			buildPhases = (
				5F10649F300FE10F002C1FE1 /* Sources */,
				5F1064A0300FE10F002C1FE1 /* Frameworks */,
				5F1064A1300FE10F002C1FE1 /* Resources */,
			);
			buildRules = (
			);
			fileSystemSynchronizedGroups = (
				5F1064A4300FE10F002C1FE1 /* Knowledge Space iOS */,
			);
			name = "Knowledge Space iOS";
			productName = "Knowledge Space iOS";
			productReference = 5F1064A3300FE10F002C1FE1 /* Knowledge Space iOS.app */;
			productType = "com.apple.product-type.application";
		};
		5F792CBE301FDC10003100EF /* Augmented LibraryExtension */ = {
			isa = PBXNativeTarget;
			buildConfigurationList = 5F792CD2301FDC10003100EF /* Build configuration list for PBXNativeTarget "Augmented LibraryExtension" */;
			buildPhases = (
				5F792CBB301FDC10003100EF /* Sources */,
				5F792CBC301FDC10003100EF /* Frameworks */,
				5F792CBD301FDC10003100EF /* Resources */,
			);
			buildRules = (
			);
			fileSystemSynchronizedGroups = (
				5F792CC5301FDC10003100EF /* Augmented Library */,
			);
			name = "Augmented LibraryExtension";
			productName = "Augmented LibraryExtension";
			productReference = 5F792CBF301FDC10003100EF /* Augmented LibraryExtension.appex */;
			productType = "com.apple.product-type.app-extension";
		};
		5FAFC4FF301A3F1000FDBED8 /* Knowledge Space EXT */ = {
			isa = PBXNativeTarget;
			buildConfigurationList = 5FAFC519301A3F1000FDBED8 /* Build configuration list for PBXNativeTarget "Knowledge Space EXT" */;
			buildPhases = (
				5FAFC4FC301A3F1000FDBED8 /* Sources */,
				5FAFC4FD301A3F1000FDBED8 /* Frameworks */,
				5FAFC4FE301A3F1000FDBED8 /* Resources */,
			);
			buildRules = (
			);
			fileSystemSynchronizedGroups = (
				5FAFC501301A3F1000FDBED8 /* Knowledge Space EXT */,
			);
			name = "Knowledge Space EXT";
			productName = "Knowledge Space EXT";
			productReference = 5FAFC500301A3F1000FDBED8 /* Knowledge Space EXT.appex */;
			productType = "com.apple.product-type.app-extension";
		};
/* End PBXNativeTarget section */

/* Begin PBXProject section */
		000000000000000000000000 /* Project object */ = {
			isa = PBXProject;
			attributes = {
				BuildIndependentTargetsInParallel = 1;
				LastSwiftUpdateCheck = 2700;
				LastUpgradeCheck = 2700;
				TargetAttributes = {
					000000000000000100000000 = {
						CreatedOnToolsVersion = 26.3;
					};
					5F1064A2300FE10F002C1FE1 = {
						CreatedOnToolsVersion = 27.0;
					};
					5F792CBE301FDC10003100EF = {
						CreatedOnToolsVersion = 27.0;
					};
					5FAFC4FF301A3F1000FDBED8 = {
						CreatedOnToolsVersion = 27.0;
					};
				};
			};
			buildConfigurationList = 000000000000000010000000 /* Build configuration list for PBXProject "Knowledge Space" */;
			developmentRegion = en;
			hasScannedForEncodings = 0;
			knownRegions = (
				en,
				Base,
			);
			mainGroup = 000000000000000000000001;
			minimizedProjectReferenceProxies = 1;
			preferredProjectObjectVersion = 90;
			productRefGroup = 000000000000000000000020 /* Products */;
			projectDirPath = "";
			projectRoot = "";
			targets = (
				000000000000000100000000 /* Knowledge Space */,
				5F1064A2300FE10F002C1FE1 /* Knowledge Space iOS */,
				5FAFC4FF301A3F1000FDBED8 /* Knowledge Space EXT */,
				5F792CBE301FDC10003100EF /* Augmented LibraryExtension */,
			);
		};
/* End PBXProject section */

/* Begin PBXResourcesBuildPhase section */
		000000000000000140000000 /* Resources */ = {
			isa = PBXResourcesBuildPhase;
			files = (
				5F793F5C30236D04003100EF /* kspgalmac.icon in Resources */,
				5FE0761E30153AD40039E5B8 /* kspgal-vision.icon in Resources */,
				5F7929A2301E4B7C003100EF /* kspgalvis.icon in Resources */,
				5F62B05D3013675400EEF496 /* kspgal.icon in Resources */,
			);
		};
		5F1064A1300FE10F002C1FE1 /* Resources */ = {
			isa = PBXResourcesBuildPhase;
			files = (
				5F793F5B30236D04003100EF /* kspgalmac.icon in Resources */,
			);
		};
		5F792CBD301FDC10003100EF /* Resources */ = {
			isa = PBXResourcesBuildPhase;
			files = (
			);
		};
		5FAFC4FE301A3F1000FDBED8 /* Resources */ = {
			isa = PBXResourcesBuildPhase;
			files = (
			);
		};
/* End PBXResourcesBuildPhase section */

/* Begin PBXSourcesBuildPhase section */
		000000000000000120000000 /* Sources */ = {
			isa = PBXSourcesBuildPhase;
			files = (
			);
		};
		5F10649F300FE10F002C1FE1 /* Sources */ = {
			isa = PBXSourcesBuildPhase;
			files = (
			);
		};
		5F792CBB301FDC10003100EF /* Sources */ = {
			isa = PBXSourcesBuildPhase;
			files = (
			);
		};
		5FAFC4FC301A3F1000FDBED8 /* Sources */ = {
			isa = PBXSourcesBuildPhase;
			files = (
			);
		};
/* End PBXSourcesBuildPhase section */

/* Begin PBXTargetDependency section */
		5F792CD0301FDC10003100EF /* PBXTargetDependency */ = {
			isa = PBXTargetDependency;
			platformFilters = (
				xros,
			);
			target = 5F792CBE301FDC10003100EF /* Augmented LibraryExtension */;
			targetProxy = 5F792CCF301FDC10003100EF /* PBXContainerItemProxy */;
		};
		5FAFC517301A3F1000FDBED8 /* PBXTargetDependency */ = {
			isa = PBXTargetDependency;
			platformFilters = (
				macos,
			);
			target = 5FAFC4FF301A3F1000FDBED8 /* Knowledge Space EXT */;
			targetProxy = 5FAFC516301A3F1000FDBED8 /* PBXContainerItemProxy */;
		};
/* End PBXTargetDependency section */

/* Begin XCBuildConfiguration section */
		000000000000000011000000 /* Debug configuration for PBXProject "Knowledge Space" */ = {
			isa = XCBuildConfiguration;
			buildSettings = {
				ALWAYS_SEARCH_USER_PATHS = NO;
				APPLETVOS_DEPLOYMENT_TARGET = 27.0;
				ASSETCATALOG_COMPILER_GENERATE_SWIFT_ASSET_SYMBOL_EXTENSIONS = YES;
				CLANG_ANALYZER_NONNULL = YES;
				CLANG_ANALYZER_NUMBER_OBJECT_CONVERSION = YES_AGGRESSIVE;
				CLANG_CXX_LANGUAGE_STANDARD = "gnu++20";
				CLANG_ENABLE_MODULES = YES;
				CLANG_ENABLE_OBJC_ARC = YES;
				CLANG_ENABLE_OBJC_WEAK = YES;
				CLANG_WARN_BLOCK_CAPTURE_AUTORELEASING = YES;
				CLANG_WARN_BOOL_CONVERSION = YES;
				CLANG_WARN_COMMA = YES;
				CLANG_WARN_CONSTANT_CONVERSION = YES;
				CLANG_WARN_DEPRECATED_OBJC_IMPLEMENTATIONS = YES;
				CLANG_WARN_DIRECT_OBJC_ISA_USAGE = YES_ERROR;
				CLANG_WARN_DOCUMENTATION_COMMENTS = YES;
				CLANG_WARN_EMPTY_BODY = YES;
				CLANG_WARN_ENUM_CONVERSION = YES;
				CLANG_WARN_INFINITE_RECURSION = YES;
				CLANG_WARN_INT_CONVERSION = YES;
				CLANG_WARN_NON_LITERAL_NULL_CONVERSION = YES;
				CLANG_WARN_OBJC_IMPLICIT_RETAIN_SELF = YES;
				CLANG_WARN_OBJC_LITERAL_CONVERSION = YES;
				CLANG_WARN_OBJC_ROOT_CLASS = YES_ERROR;
				CLANG_WARN_QUOTED_INCLUDE_IN_FRAMEWORK_HEADER = YES;
				CLANG_WARN_RANGE_LOOP_ANALYSIS = YES;
				CLANG_WARN_STRICT_PROTOTYPES = YES;
				CLANG_WARN_SUSPICIOUS_MOVE = YES;
				CLANG_WARN_UNGUARDED_AVAILABILITY = YES_AGGRESSIVE;
				CLANG_WARN_UNREACHABLE_CODE = YES;
				CLANG_WARN__DUPLICATE_METHOD_MATCH = YES;
				COPY_PHASE_STRIP = NO;
				DEAD_CODE_STRIPPING = YES;
				DEBUG_INFORMATION_FORMAT = dwarf;
				DRIVERKIT_DEPLOYMENT_TARGET = 27.0;
				ENABLE_STRICT_OBJC_MSGSEND = YES;
				ENABLE_TESTABILITY = YES;
				ENABLE_USER_SCRIPT_SANDBOXING = YES;
				GCC_C_LANGUAGE_STANDARD = gnu17;
				GCC_DYNAMIC_NO_PIC = NO;
				GCC_NO_COMMON_BLOCKS = YES;
				GCC_OPTIMIZATION_LEVEL = 0;
				GCC_PREPROCESSOR_DEFINITIONS = (
					"DEBUG=1",
					"$(inherited)",
				);
				GCC_WARN_64_TO_32_BIT_CONVERSION = YES;
				GCC_WARN_ABOUT_RETURN_TYPE = YES_ERROR;
				GCC_WARN_UNDECLARED_SELECTOR = YES;
				GCC_WARN_UNINITIALIZED_AUTOS = YES_AGGRESSIVE;
				GCC_WARN_UNUSED_FUNCTION = YES;
				GCC_WARN_UNUSED_VARIABLE = YES;
				IPHONEOS_DEPLOYMENT_TARGET = 27.0;
				LOCALIZATION_PREFERS_STRING_CATALOGS = YES;
				MACOSX_DEPLOYMENT_TARGET = 27.0;
				MTL_ENABLE_DEBUG_INFO = INCLUDE_SOURCE;
				MTL_FAST_MATH = YES;
				ONLY_ACTIVE_ARCH = YES;
				PROJECT_UNIQUE_VALUE = BFO91JOJ;
				STRING_CATALOG_GENERATE_SYMBOLS = YES;
				SWIFT_ACTIVE_COMPILATION_CONDITIONS = "DEBUG $(inherited)";
				SWIFT_OPTIMIZATION_LEVEL = "-Onone";
				WATCHOS_DEPLOYMENT_TARGET = 27.0;
				XROS_DEPLOYMENT_TARGET = 27.0;
			};
			name = Debug;
		};
		000000000000000012000000 /* Release configuration for PBXProject "Knowledge Space" */ = {
			isa = XCBuildConfiguration;
			buildSettings = {
				ALWAYS_SEARCH_USER_PATHS = NO;
				APPLETVOS_DEPLOYMENT_TARGET = 27.0;
				ASSETCATALOG_COMPILER_GENERATE_SWIFT_ASSET_SYMBOL_EXTENSIONS = YES;
				CLANG_ANALYZER_NONNULL = YES;
				CLANG_ANALYZER_NUMBER_OBJECT_CONVERSION = YES_AGGRESSIVE;
				CLANG_CXX_LANGUAGE_STANDARD = "gnu++20";
				CLANG_ENABLE_MODULES = YES;
				CLANG_ENABLE_OBJC_ARC = YES;
				CLANG_ENABLE_OBJC_WEAK = YES;
				CLANG_WARN_BLOCK_CAPTURE_AUTORELEASING = YES;
				CLANG_WARN_BOOL_CONVERSION = YES;
				CLANG_WARN_COMMA = YES;
				CLANG_WARN_CONSTANT_CONVERSION = YES;
				CLANG_WARN_DEPRECATED_OBJC_IMPLEMENTATIONS = YES;
				CLANG_WARN_DIRECT_OBJC_ISA_USAGE = YES_ERROR;
				CLANG_WARN_DOCUMENTATION_COMMENTS = YES;
				CLANG_WARN_EMPTY_BODY = YES;
				CLANG_WARN_ENUM_CONVERSION = YES;
				CLANG_WARN_INFINITE_RECURSION = YES;
				CLANG_WARN_INT_CONVERSION = YES;
				CLANG_WARN_NON_LITERAL_NULL_CONVERSION = YES;
				CLANG_WARN_OBJC_IMPLICIT_RETAIN_SELF = YES;
				CLANG_WARN_OBJC_LITERAL_CONVERSION = YES;
				CLANG_WARN_OBJC_ROOT_CLASS = YES_ERROR;
				CLANG_WARN_QUOTED_INCLUDE_IN_FRAMEWORK_HEADER = YES;
				CLANG_WARN_RANGE_LOOP_ANALYSIS = YES;
				CLANG_WARN_STRICT_PROTOTYPES = YES;
				CLANG_WARN_SUSPICIOUS_MOVE = YES;
				CLANG_WARN_UNGUARDED_AVAILABILITY = YES_AGGRESSIVE;
				CLANG_WARN_UNREACHABLE_CODE = YES;
				CLANG_WARN__DUPLICATE_METHOD_MATCH = YES;
				COPY_PHASE_STRIP = NO;
				DEAD_CODE_STRIPPING = YES;
				DEBUG_INFORMATION_FORMAT = "dwarf-with-dsym";
				DRIVERKIT_DEPLOYMENT_TARGET = 27.0;
				ENABLE_NS_ASSERTIONS = NO;
				ENABLE_STRICT_OBJC_MSGSEND = YES;
				ENABLE_USER_SCRIPT_SANDBOXING = YES;
				GCC_C_LANGUAGE_STANDARD = gnu17;
				GCC_NO_COMMON_BLOCKS = YES;
				GCC_WARN_64_TO_32_BIT_CONVERSION = YES;
				GCC_WARN_ABOUT_RETURN_TYPE = YES_ERROR;
				GCC_WARN_UNDECLARED_SELECTOR = YES;
				GCC_WARN_UNINITIALIZED_AUTOS = YES_AGGRESSIVE;
				GCC_WARN_UNUSED_FUNCTION = YES;
				GCC_WARN_UNUSED_VARIABLE = YES;
				IPHONEOS_DEPLOYMENT_TARGET = 27.0;
				LOCALIZATION_PREFERS_STRING_CATALOGS = YES;
				MACOSX_DEPLOYMENT_TARGET = 27.0;
				MTL_ENABLE_DEBUG_INFO = NO;
				MTL_FAST_MATH = YES;
				PROJECT_UNIQUE_VALUE = BFO91JOJ;
				STRING_CATALOG_GENERATE_SYMBOLS = YES;
				SWIFT_COMPILATION_MODE = wholemodule;
				WATCHOS_DEPLOYMENT_TARGET = 27.0;
				XROS_DEPLOYMENT_TARGET = 27.0;
			};
			name = Release;
		};
		000000000000000111000000 /* Debug configuration for PBXNativeTarget "Knowledge Space" */ = {
			isa = XCBuildConfiguration;
			buildSettings = {
				ASSETCATALOG_COMPILER_APPICON_NAME = kspgalmac;
				"ASSETCATALOG_COMPILER_APPICON_NAME[sdk=xros*]" = kspgalmac;
				ASSETCATALOG_COMPILER_INCLUDE_ALL_APPICON_ASSETS = YES;
				AUTOMATION_APPLE_EVENTS = NO;
				CODE_SIGN_ENTITLEMENTS = "Knowledge Space/Knowledge Space.entitlements";
				"CODE_SIGN_ENTITLEMENTS[sdk=xros*]" = "KnowledgeSpace-visionOS.entitlements";
				"CODE_SIGN_ENTITLEMENTS[sdk=xrsimulator*]" = "KnowledgeSpace-visionOS.entitlements";
				"CODE_SIGN_IDENTITY[sdk=macosx*]" = "Apple Development";
				CODE_SIGN_STYLE = Automatic;
				CURRENT_PROJECT_VERSION = 1;
				DEVELOPMENT_TEAM = 9Q5N4A727S;
				ENABLE_APP_SANDBOX = YES;
				ENABLE_HARDENED_RUNTIME = YES;
				ENABLE_INCOMING_NETWORK_CONNECTIONS = NO;
				ENABLE_OUTGOING_NETWORK_CONNECTIONS = YES;
				ENABLE_PREVIEWS = YES;
				ENABLE_RESOURCE_ACCESS_AUDIO_INPUT = NO;
				ENABLE_RESOURCE_ACCESS_BLUETOOTH = NO;
				ENABLE_RESOURCE_ACCESS_CALENDARS = NO;
				ENABLE_RESOURCE_ACCESS_CAMERA = NO;
				ENABLE_RESOURCE_ACCESS_CONTACTS = YES;
				ENABLE_RESOURCE_ACCESS_LOCATION = YES;
				ENABLE_RESOURCE_ACCESS_PHOTO_LIBRARY = NO;
				ENABLE_RESOURCE_ACCESS_PRINTING = NO;
				ENABLE_RESOURCE_ACCESS_USB = NO;
				ENABLE_USER_SELECTED_FILES = readwrite;
				GENERATE_INFOPLIST_FILE = YES;
				INFOPLIST_FILE = "Knowledge-Space-Info.plist";
				INFOPLIST_KEY_CFBundleDisplayName = "Knowledge Space";
				INFOPLIST_KEY_LSApplicationCategoryType = "public.app-category.productivity";
				INFOPLIST_KEY_NSContactsUsageDescription = "Knowledge Space reads Contacts only when you use “Find in Contacts…” to fill a person’s record. Nothing is ever written back to Contacts.";
				INFOPLIST_KEY_NSLocationWhenInUseUsageDescription = "A note carries the place it was made. Your location is used once, when a note is created, to name that place — it is never stored as coordinates.";
				"INFOPLIST_KEY_UIApplicationSceneManifest_Generation[sdk=iphoneos*]" = YES;
				"INFOPLIST_KEY_UIApplicationSceneManifest_Generation[sdk=iphonesimulator*]" = YES;
				"INFOPLIST_KEY_UIApplicationSupportsIndirectInputEvents[sdk=iphoneos*]" = YES;
				"INFOPLIST_KEY_UIApplicationSupportsIndirectInputEvents[sdk=iphonesimulator*]" = YES;
				"INFOPLIST_KEY_UILaunchScreen_Generation[sdk=iphoneos*]" = YES;
				"INFOPLIST_KEY_UILaunchScreen_Generation[sdk=iphonesimulator*]" = YES;
				INFOPLIST_KEY_UILaunchStoryboardName = "";
				"INFOPLIST_KEY_UIStatusBarStyle[sdk=iphoneos*]" = UIStatusBarStyleDefault;
				"INFOPLIST_KEY_UIStatusBarStyle[sdk=iphonesimulator*]" = UIStatusBarStyleDefault;
				INFOPLIST_KEY_UISupportedInterfaceOrientations_iPad = "UIInterfaceOrientationPortrait UIInterfaceOrientationPortraitUpsideDown UIInterfaceOrientationLandscapeLeft UIInterfaceOrientationLandscapeRight";
				INFOPLIST_KEY_UISupportedInterfaceOrientations_iPhone = "UIInterfaceOrientationPortrait UIInterfaceOrientationLandscapeLeft UIInterfaceOrientationLandscapeRight";
				LD_RUNPATH_SEARCH_PATHS = "@executable_path/Frameworks";
				"LD_RUNPATH_SEARCH_PATHS[sdk=macosx*]" = "@executable_path/../Frameworks";
				MARKETING_VERSION = 1.0;
				PRODUCT_BUNDLE_IDENTIFIER = info.futuretextlab.knowledgespace;
				PRODUCT_NAME = "Knowledge Space";
				REGISTER_APP_GROUPS = YES;
				RUNTIME_EXCEPTION_ALLOW_DYLD_ENVIRONMENT_VARIABLES = NO;
				RUNTIME_EXCEPTION_ALLOW_JIT = NO;
				RUNTIME_EXCEPTION_ALLOW_UNSIGNED_EXECUTABLE_MEMORY = NO;
				RUNTIME_EXCEPTION_DEBUGGING_TOOL = NO;
				RUNTIME_EXCEPTION_DISABLE_EXECUTABLE_PAGE_PROTECTION = NO;
				RUNTIME_EXCEPTION_DISABLE_LIBRARY_VALIDATION = NO;
				SDKROOT = auto;
				STRING_CATALOG_GENERATE_SYMBOLS = YES;
				SUPPORTED_PLATFORMS = macosx;
				SUPPORTS_MACCATALYST = NO;
				SWIFT_APPROACHABLE_CONCURRENCY = YES;
				SWIFT_DEFAULT_ACTOR_ISOLATION = MainActor;
				SWIFT_EMIT_LOC_STRINGS = YES;
				SWIFT_UPCOMING_FEATURE_MEMBER_IMPORT_VISIBILITY = YES;
				SWIFT_VERSION = 5.0;
				TARGETED_DEVICE_FAMILY = 7;
			};
			name = Debug;
		};
		000000000000000112000000 /* Release configuration for PBXNativeTarget "Knowledge Space" */ = {
			isa = XCBuildConfiguration;
			buildSettings = {
				ASSETCATALOG_COMPILER_APPICON_NAME = kspgalmac;
				"ASSETCATALOG_COMPILER_APPICON_NAME[sdk=macosx*]" = kspgalmac;
				"ASSETCATALOG_COMPILER_APPICON_NAME[sdk=xros*]" = kspgalmac;
				ASSETCATALOG_COMPILER_INCLUDE_ALL_APPICON_ASSETS = YES;
				AUTOMATION_APPLE_EVENTS = NO;
				CODE_SIGN_ENTITLEMENTS = "Knowledge Space/Knowledge Space.entitlements";
				"CODE_SIGN_ENTITLEMENTS[sdk=xros*]" = "KnowledgeSpace-visionOS.entitlements";
				"CODE_SIGN_ENTITLEMENTS[sdk=xrsimulator*]" = "KnowledgeSpace-visionOS.entitlements";
				"CODE_SIGN_IDENTITY[sdk=macosx*]" = "Apple Development";
				CODE_SIGN_STYLE = Automatic;
				CURRENT_PROJECT_VERSION = 1;
				DEVELOPMENT_TEAM = 9Q5N4A727S;
				ENABLE_APP_SANDBOX = YES;
				ENABLE_HARDENED_RUNTIME = YES;
				ENABLE_INCOMING_NETWORK_CONNECTIONS = NO;
				ENABLE_OUTGOING_NETWORK_CONNECTIONS = YES;
				ENABLE_PREVIEWS = YES;
				ENABLE_RESOURCE_ACCESS_AUDIO_INPUT = NO;
				ENABLE_RESOURCE_ACCESS_BLUETOOTH = NO;
				ENABLE_RESOURCE_ACCESS_CALENDARS = NO;
				ENABLE_RESOURCE_ACCESS_CAMERA = NO;
				ENABLE_RESOURCE_ACCESS_CONTACTS = YES;
				ENABLE_RESOURCE_ACCESS_LOCATION = NO;
				ENABLE_RESOURCE_ACCESS_PHOTO_LIBRARY = NO;
				ENABLE_RESOURCE_ACCESS_PRINTING = NO;
				ENABLE_RESOURCE_ACCESS_USB = NO;
				ENABLE_USER_SELECTED_FILES = readwrite;
				GENERATE_INFOPLIST_FILE = YES;
				INFOPLIST_FILE = "Knowledge-Space-Info.plist";
				INFOPLIST_KEY_CFBundleDisplayName = "Knowledge Space";
				INFOPLIST_KEY_LSApplicationCategoryType = "public.app-category.productivity";
				INFOPLIST_KEY_NSContactsUsageDescription = "Knowledge Space reads Contacts only when you use “Find in Contacts…” to fill a person’s record. Nothing is ever written back to Contacts.";
				INFOPLIST_KEY_NSLocationWhenInUseUsageDescription = "A note carries the place it was made. Your location is used once, when a note is created, to name that place — it is never stored as coordinates.";
				"INFOPLIST_KEY_UIApplicationSceneManifest_Generation[sdk=iphoneos*]" = YES;
				"INFOPLIST_KEY_UIApplicationSceneManifest_Generation[sdk=iphonesimulator*]" = YES;
				"INFOPLIST_KEY_UIApplicationSupportsIndirectInputEvents[sdk=iphoneos*]" = YES;
				"INFOPLIST_KEY_UIApplicationSupportsIndirectInputEvents[sdk=iphonesimulator*]" = YES;
				"INFOPLIST_KEY_UILaunchScreen_Generation[sdk=iphoneos*]" = YES;
				"INFOPLIST_KEY_UILaunchScreen_Generation[sdk=iphonesimulator*]" = YES;
				INFOPLIST_KEY_UILaunchStoryboardName = "";
				"INFOPLIST_KEY_UIStatusBarStyle[sdk=iphoneos*]" = UIStatusBarStyleDefault;
				"INFOPLIST_KEY_UIStatusBarStyle[sdk=iphonesimulator*]" = UIStatusBarStyleDefault;
				INFOPLIST_KEY_UISupportedInterfaceOrientations_iPad = "UIInterfaceOrientationPortrait UIInterfaceOrientationPortraitUpsideDown UIInterfaceOrientationLandscapeLeft UIInterfaceOrientationLandscapeRight";
				INFOPLIST_KEY_UISupportedInterfaceOrientations_iPhone = "UIInterfaceOrientationPortrait UIInterfaceOrientationLandscapeLeft UIInterfaceOrientationLandscapeRight";
				LD_RUNPATH_SEARCH_PATHS = "@executable_path/Frameworks";
				"LD_RUNPATH_SEARCH_PATHS[sdk=macosx*]" = "@executable_path/../Frameworks";
				MARKETING_VERSION = 1.0;
				PRODUCT_BUNDLE_IDENTIFIER = info.futuretextlab.knowledgespace;
				PRODUCT_NAME = "Knowledge Space";
				REGISTER_APP_GROUPS = YES;
				RUNTIME_EXCEPTION_ALLOW_DYLD_ENVIRONMENT_VARIABLES = NO;
				RUNTIME_EXCEPTION_ALLOW_JIT = NO;
				RUNTIME_EXCEPTION_ALLOW_UNSIGNED_EXECUTABLE_MEMORY = NO;
				RUNTIME_EXCEPTION_DEBUGGING_TOOL = NO;
				RUNTIME_EXCEPTION_DISABLE_EXECUTABLE_PAGE_PROTECTION = NO;
				RUNTIME_EXCEPTION_DISABLE_LIBRARY_VALIDATION = NO;
				SDKROOT = auto;
				STRING_CATALOG_GENERATE_SYMBOLS = YES;
				SUPPORTED_PLATFORMS = macosx;
				SUPPORTS_MACCATALYST = NO;
				SWIFT_APPROACHABLE_CONCURRENCY = YES;
				SWIFT_DEFAULT_ACTOR_ISOLATION = MainActor;
				SWIFT_EMIT_LOC_STRINGS = YES;
				SWIFT_UPCOMING_FEATURE_MEMBER_IMPORT_VISIBILITY = YES;
				SWIFT_VERSION = 5.0;
				TARGETED_DEVICE_FAMILY = 7;
			};
			name = Release;
		};
		5F1064AB300FE10F002C1FE1 /* Debug configuration for PBXNativeTarget "Knowledge Space iOS" */ = {
			isa = XCBuildConfiguration;
			buildSettings = {
				ASSETCATALOG_COMPILER_APPICON_NAME = kspgalmac;
				"ASSETCATALOG_COMPILER_APPICON_NAME[sdk=iphoneos*]" = kspgalmac;
				ASSETCATALOG_COMPILER_GLOBAL_ACCENT_COLOR_NAME = AccentColor;
				ASSETCATALOG_COMPILER_INCLUDE_ALL_APPICON_ASSETS = YES;
				CODE_SIGN_STYLE = Automatic;
				CURRENT_PROJECT_VERSION = 1;
				DEVELOPMENT_TEAM = 9Q5N4A727S;
				ENABLE_PREVIEWS = YES;
				GENERATE_INFOPLIST_FILE = YES;
				INFOPLIST_FILE = "Knowledge-Space-iOS-Info.plist";
				INFOPLIST_KEY_CFBundleDisplayName = "Knowledge Space";
				INFOPLIST_KEY_LSApplicationCategoryType = "public.app-category.productivity";
				INFOPLIST_KEY_NSCalendarsFullAccessUsageDescription = "Saved voice notes can be marked in a dedicated “Origami Text” calendar at the moment they were spoken. The app never reads your existing events.";
				INFOPLIST_KEY_NSCameraUsageDescription = "Scan a page, poster, or scene into an Inspiration note. The photo is read on this device.";
				INFOPLIST_KEY_NSLocationWhenInUseUsageDescription = "A note carries the place it was made. Your location is used once, when a note is created, to name that place — it is never stored as coordinates.";
				INFOPLIST_KEY_NSMicrophoneUsageDescription = "The microphone carries your voice into a note while you dictate. Nothing is recorded or kept — only the transcribed words.";
				INFOPLIST_KEY_NSSpeechRecognitionUsageDescription = "Speech recognition turns your dictation into the text of a note, on this device when the hardware allows.";
				INFOPLIST_KEY_UIApplicationSceneManifest_Generation = YES;
				INFOPLIST_KEY_UIApplicationSupportsIndirectInputEvents = YES;
				INFOPLIST_KEY_UILaunchStoryboardName = LaunchScreen;
				INFOPLIST_KEY_UISupportedInterfaceOrientations_iPad = "UIInterfaceOrientationPortrait UIInterfaceOrientationPortraitUpsideDown UIInterfaceOrientationLandscapeLeft UIInterfaceOrientationLandscapeRight";
				INFOPLIST_KEY_UISupportedInterfaceOrientations_iPhone = "UIInterfaceOrientationPortrait UIInterfaceOrientationLandscapeLeft UIInterfaceOrientationLandscapeRight";
				IPHONEOS_DEPLOYMENT_TARGET = 26.5;
				LD_RUNPATH_SEARCH_PATHS = (
					"$(inherited)",
					"@executable_path/Frameworks",
				);
				MARKETING_VERSION = 1.0;
				PRODUCT_BUNDLE_IDENTIFIER = info.futuretextlab.knowledgespace;
				PRODUCT_NAME = "$(TARGET_NAME)";
				SDKROOT = iphoneos;
				STRING_CATALOG_GENERATE_SYMBOLS = YES;
				SUPPORTS_MAC_DESIGNED_FOR_IPHONE_IPAD = NO;
				SWIFT_APPROACHABLE_CONCURRENCY = YES;
				SWIFT_DEFAULT_ACTOR_ISOLATION = MainActor;
				SWIFT_EMIT_LOC_STRINGS = YES;
				SWIFT_UPCOMING_FEATURE_MEMBER_IMPORT_VISIBILITY = YES;
				SWIFT_VERSION = 5.0;
				TARGETED_DEVICE_FAMILY = "1,2";
			};
			name = Debug;
		};
		5F1064AC300FE10F002C1FE1 /* Release configuration for PBXNativeTarget "Knowledge Space iOS" */ = {
			isa = XCBuildConfiguration;
			buildSettings = {
				ASSETCATALOG_COMPILER_APPICON_NAME = kspgalmac;
				"ASSETCATALOG_COMPILER_APPICON_NAME[sdk=iphoneos*]" = kspgalmac;
				ASSETCATALOG_COMPILER_GLOBAL_ACCENT_COLOR_NAME = AccentColor;
				ASSETCATALOG_COMPILER_INCLUDE_ALL_APPICON_ASSETS = YES;
				CODE_SIGN_STYLE = Automatic;
				CURRENT_PROJECT_VERSION = 1;
				DEVELOPMENT_TEAM = 9Q5N4A727S;
				ENABLE_PREVIEWS = YES;
				GENERATE_INFOPLIST_FILE = YES;
				INFOPLIST_FILE = "Knowledge-Space-iOS-Info.plist";
				INFOPLIST_KEY_CFBundleDisplayName = "Knowledge Space";
				INFOPLIST_KEY_LSApplicationCategoryType = "public.app-category.productivity";
				INFOPLIST_KEY_NSCalendarsFullAccessUsageDescription = "Saved voice notes can be marked in a dedicated “Origami Text” calendar at the moment they were spoken. The app never reads your existing events.";
				INFOPLIST_KEY_NSCameraUsageDescription = "Scan a page, poster, or scene into an Inspiration note. The photo is read on this device.";
				INFOPLIST_KEY_NSLocationWhenInUseUsageDescription = "A note carries the place it was made. Your location is used once, when a note is created, to name that place — it is never stored as coordinates.";
				INFOPLIST_KEY_NSMicrophoneUsageDescription = "The microphone carries your voice into a note while you dictate. Nothing is recorded or kept — only the transcribed words.";
				INFOPLIST_KEY_NSSpeechRecognitionUsageDescription = "Speech recognition turns your dictation into the text of a note, on this device when the hardware allows.";
				INFOPLIST_KEY_UIApplicationSceneManifest_Generation = YES;
				INFOPLIST_KEY_UIApplicationSupportsIndirectInputEvents = YES;
				INFOPLIST_KEY_UILaunchStoryboardName = LaunchScreen;
				INFOPLIST_KEY_UISupportedInterfaceOrientations_iPad = "UIInterfaceOrientationPortrait UIInterfaceOrientationPortraitUpsideDown UIInterfaceOrientationLandscapeLeft UIInterfaceOrientationLandscapeRight";
				INFOPLIST_KEY_UISupportedInterfaceOrientations_iPhone = "UIInterfaceOrientationPortrait UIInterfaceOrientationLandscapeLeft UIInterfaceOrientationLandscapeRight";
				IPHONEOS_DEPLOYMENT_TARGET = 26.5;
				LD_RUNPATH_SEARCH_PATHS = (
					"$(inherited)",
					"@executable_path/Frameworks",
				);
				MARKETING_VERSION = 1.0;
				PRODUCT_BUNDLE_IDENTIFIER = info.futuretextlab.knowledgespace;
				PRODUCT_NAME = "$(TARGET_NAME)";
				SDKROOT = iphoneos;
				STRING_CATALOG_GENERATE_SYMBOLS = YES;
				SUPPORTS_MAC_DESIGNED_FOR_IPHONE_IPAD = NO;
				SWIFT_APPROACHABLE_CONCURRENCY = YES;
				SWIFT_DEFAULT_ACTOR_ISOLATION = MainActor;
				SWIFT_EMIT_LOC_STRINGS = YES;
				SWIFT_UPCOMING_FEATURE_MEMBER_IMPORT_VISIBILITY = YES;
				SWIFT_VERSION = 5.0;
				TARGETED_DEVICE_FAMILY = "1,2";
				VALIDATE_PRODUCT = YES;
			};
			name = Release;
		};
		5F792CD3301FDC10003100EF /* Debug configuration for PBXNativeTarget "Augmented LibraryExtension" */ = {
			isa = XCBuildConfiguration;
			buildSettings = {
				ASSETCATALOG_COMPILER_GLOBAL_ACCENT_COLOR_NAME = AccentColor;
				ASSETCATALOG_COMPILER_WIDGET_BACKGROUND_COLOR_NAME = WidgetBackground;
				CODE_SIGN_STYLE = Automatic;
				CURRENT_PROJECT_VERSION = 1;
				DEVELOPMENT_TEAM = 9Q5N4A727S;
				GENERATE_INFOPLIST_FILE = YES;
				INFOPLIST_FILE = "Augmented Library/Info.plist";
				INFOPLIST_KEY_CFBundleDisplayName = "Augmented Library";
				INFOPLIST_KEY_NSHumanReadableCopyright = "";
				LD_RUNPATH_SEARCH_PATHS = (
					"$(inherited)",
					"@executable_path/Frameworks",
					"@executable_path/../../Frameworks",
				);
				MARKETING_VERSION = 1.0;
				PRODUCT_BUNDLE_IDENTIFIER = "info.futuretextlab.knowledgespace.Augmented-Library";
				PRODUCT_NAME = "$(TARGET_NAME)";
				SDKROOT = xros;
				SKIP_INSTALL = YES;
				STRING_CATALOG_GENERATE_SYMBOLS = YES;
				SUPPORTED_PLATFORMS = "xros xrsimulator";
				SWIFT_APPROACHABLE_CONCURRENCY = YES;
				SWIFT_EMIT_LOC_STRINGS = YES;
				SWIFT_UPCOMING_FEATURE_MEMBER_IMPORT_VISIBILITY = YES;
				SWIFT_VERSION = 5.0;
				TARGETED_DEVICE_FAMILY = 7;
			};
			name = Debug;
		};
		5F792CD4301FDC10003100EF /* Release configuration for PBXNativeTarget "Augmented LibraryExtension" */ = {
			isa = XCBuildConfiguration;
			buildSettings = {
				ASSETCATALOG_COMPILER_GLOBAL_ACCENT_COLOR_NAME = AccentColor;
				ASSETCATALOG_COMPILER_WIDGET_BACKGROUND_COLOR_NAME = WidgetBackground;
				CODE_SIGN_STYLE = Automatic;
				CURRENT_PROJECT_VERSION = 1;
				DEVELOPMENT_TEAM = 9Q5N4A727S;
				GENERATE_INFOPLIST_FILE = YES;
				INFOPLIST_FILE = "Augmented Library/Info.plist";
				INFOPLIST_KEY_CFBundleDisplayName = "Augmented Library";
				INFOPLIST_KEY_NSHumanReadableCopyright = "";
				LD_RUNPATH_SEARCH_PATHS = (
					"$(inherited)",
					"@executable_path/Frameworks",
					"@executable_path/../../Frameworks",
				);
				MARKETING_VERSION = 1.0;
				PRODUCT_BUNDLE_IDENTIFIER = "info.futuretextlab.knowledgespace.Augmented-Library";
				PRODUCT_NAME = "$(TARGET_NAME)";
				SDKROOT = xros;
				SKIP_INSTALL = YES;
				STRING_CATALOG_GENERATE_SYMBOLS = YES;
				SUPPORTED_PLATFORMS = "xros xrsimulator";
				SWIFT_APPROACHABLE_CONCURRENCY = YES;
				SWIFT_EMIT_LOC_STRINGS = YES;
				SWIFT_UPCOMING_FEATURE_MEMBER_IMPORT_VISIBILITY = YES;
				SWIFT_VERSION = 5.0;
				TARGETED_DEVICE_FAMILY = 7;
				VALIDATE_PRODUCT = YES;
			};
			name = Release;
		};
		5FAFC51A301A3F1000FDBED8 /* Debug configuration for PBXNativeTarget "Knowledge Space EXT" */ = {
			isa = XCBuildConfiguration;
			buildSettings = {
				CODE_SIGN_ENTITLEMENTS = "Knowledge Space EXT/Knowledge Space EXT.entitlements";
				CODE_SIGN_STYLE = Automatic;
				CURRENT_PROJECT_VERSION = 1;
				DEVELOPMENT_TEAM = 9Q5N4A727S;
				ENABLE_APP_SANDBOX = YES;
				ENABLE_HARDENED_RUNTIME = YES;
				ENABLE_USER_SELECTED_FILES = readonly;
				GENERATE_INFOPLIST_FILE = YES;
				INFOPLIST_FILE = "Knowledge Space EXT/Info.plist";
				INFOPLIST_KEY_CFBundleDisplayName = "Knowledge Space EXT";
				INFOPLIST_KEY_NSHumanReadableCopyright = "";
				LD_RUNPATH_SEARCH_PATHS = (
					"$(inherited)",
					"@executable_path/../Frameworks",
					"@executable_path/../../../../Frameworks",
				);
				MACOSX_DEPLOYMENT_TARGET = 12.0;
				MARKETING_VERSION = 1.0;
				OTHER_LDFLAGS = (
					"-framework",
					SafariServices,
				);
				PRODUCT_BUNDLE_IDENTIFIER = "info.futuretextlab.knowledgespace.Knowledge-Space-EXT";
				PRODUCT_NAME = "$(TARGET_NAME)";
				REGISTER_APP_GROUPS = YES;
				SDKROOT = macosx;
				SKIP_INSTALL = YES;
				STRING_CATALOG_GENERATE_SYMBOLS = YES;
				SWIFT_APPROACHABLE_CONCURRENCY = YES;
				SWIFT_EMIT_LOC_STRINGS = YES;
				SWIFT_UPCOMING_FEATURE_MEMBER_IMPORT_VISIBILITY = YES;
				SWIFT_VERSION = 5.0;
			};
			name = Debug;
		};
		5FAFC51B301A3F1000FDBED8 /* Release configuration for PBXNativeTarget "Knowledge Space EXT" */ = {
			isa = XCBuildConfiguration;
			buildSettings = {
				CODE_SIGN_ENTITLEMENTS = "Knowledge Space EXT/Knowledge Space EXT.entitlements";
				CODE_SIGN_STYLE = Automatic;
				CURRENT_PROJECT_VERSION = 1;
				DEVELOPMENT_TEAM = 9Q5N4A727S;
				ENABLE_APP_SANDBOX = YES;
				ENABLE_HARDENED_RUNTIME = YES;
				ENABLE_USER_SELECTED_FILES = readonly;
				GENERATE_INFOPLIST_FILE = YES;
				INFOPLIST_FILE = "Knowledge Space EXT/Info.plist";
				INFOPLIST_KEY_CFBundleDisplayName = "Knowledge Space EXT";
				INFOPLIST_KEY_NSHumanReadableCopyright = "";
				LD_RUNPATH_SEARCH_PATHS = (
					"$(inherited)",
					"@executable_path/../Frameworks",
					"@executable_path/../../../../Frameworks",
				);
				MACOSX_DEPLOYMENT_TARGET = 12.0;
				MARKETING_VERSION = 1.0;
				OTHER_LDFLAGS = (
					"-framework",
					SafariServices,
				);
				PRODUCT_BUNDLE_IDENTIFIER = "info.futuretextlab.knowledgespace.Knowledge-Space-EXT";
				PRODUCT_NAME = "$(TARGET_NAME)";
				REGISTER_APP_GROUPS = YES;
				SDKROOT = macosx;
				SKIP_INSTALL = YES;
				STRING_CATALOG_GENERATE_SYMBOLS = YES;
				SWIFT_APPROACHABLE_CONCURRENCY = YES;
				SWIFT_EMIT_LOC_STRINGS = YES;
				SWIFT_UPCOMING_FEATURE_MEMBER_IMPORT_VISIBILITY = YES;
				SWIFT_VERSION = 5.0;
			};
			name = Release;
		};
/* End XCBuildConfiguration section */

/* Begin XCConfigurationList section */
		000000000000000010000000 /* Build configuration list for PBXProject "Knowledge Space" */ = {
			isa = XCConfigurationList;
			buildConfigurations = (
				000000000000000011000000 /* Debug configuration for PBXProject "Knowledge Space" */,
				000000000000000012000000 /* Release configuration for PBXProject "Knowledge Space" */,
			);
			defaultConfigurationName = Release;
		};
		000000000000000110000000 /* Build configuration list for PBXNativeTarget "Knowledge Space" */ = {
			isa = XCConfigurationList;
			buildConfigurations = (
				000000000000000111000000 /* Debug configuration for PBXNativeTarget "Knowledge Space" */,
				000000000000000112000000 /* Release configuration for PBXNativeTarget "Knowledge Space" */,
			);
			defaultConfigurationName = Release;
		};
		5F1064AD300FE10F002C1FE1 /* Build configuration list for PBXNativeTarget "Knowledge Space iOS" */ = {
			isa = XCConfigurationList;
			buildConfigurations = (
				5F1064AB300FE10F002C1FE1 /* Debug configuration for PBXNativeTarget "Knowledge Space iOS" */,
				5F1064AC300FE10F002C1FE1 /* Release configuration for PBXNativeTarget "Knowledge Space iOS" */,
			);
			defaultConfigurationName = Release;
		};
		5F792CD2301FDC10003100EF /* Build configuration list for PBXNativeTarget "Augmented LibraryExtension" */ = {
			isa = XCConfigurationList;
			buildConfigurations = (
				5F792CD3301FDC10003100EF /* Debug configuration for PBXNativeTarget "Augmented LibraryExtension" */,
				5F792CD4301FDC10003100EF /* Release configuration for PBXNativeTarget "Augmented LibraryExtension" */,
			);
			defaultConfigurationName = Release;
		};
		5FAFC519301A3F1000FDBED8 /* Build configuration list for PBXNativeTarget "Knowledge Space EXT" */ = {
			isa = XCConfigurationList;
			buildConfigurations = (
				5FAFC51A301A3F1000FDBED8 /* Debug configuration for PBXNativeTarget "Knowledge Space EXT" */,
				5FAFC51B301A3F1000FDBED8 /* Release configuration for PBXNativeTarget "Knowledge Space EXT" */,
			);
			defaultConfigurationName = Release;
		};
/* End XCConfigurationList section */
	};
	rootObject = 000000000000000000000000 /* Project object */;
}
